// !$*UTF8*$!
{
	archiveVersion = 1;
	classes = {
	};
	objectVersion = 51;
	objects = {

/* Begin PBXBuildFile section */
		1A666758CAD093FEB8871227 /* Pods_movies.framework in Frameworks */ = {isa = PBXBuildFile; fileRef = 5E3090E8FEFD848542EB1DEA /* Pods_movies.framework */; };
		D243CE4B245A4EEB004EC8A7 /* Films.json in Resources */ = {isa = PBXBuildFile; fileRef = D243CE4A245A4EEB004EC8A7 /* Films.json */; };
		D243CE61245A6299004EC8A7 /* DecoderMoviesTests.swift in Sources */ = {isa = PBXBuildFile; fileRef = D243CE60245A6299004EC8A7 /* DecoderMoviesTests.swift */; };
		D243CE68245A62D6004EC8A7 /* Films.json in Resources */ = {isa = PBXBuildFile; fileRef = D243CE4A245A4EEB004EC8A7 /* Films.json */; };
		D243CE70245A62F8004EC8A7 /* DetailMoviesTests.swift in Sources */ = {isa = PBXBuildFile; fileRef = D243CE6F245A62F8004EC8A7 /* DetailMoviesTests.swift */; };
		D243CE77245A6421004EC8A7 /* Assets.xcassets in Resources */ = {isa = PBXBuildFile; fileRef = D2ADFC6A245999C3006017B0 /* Assets.xcassets */; };
		D243CE78245A6421004EC8A7 /* Assets.xcassets in Resources */ = {isa = PBXBuildFile; fileRef = D2ADFC6A245999C3006017B0 /* Assets.xcassets */; };
		D243CE79245A6422004EC8A7 /* Assets.xcassets in Resources */ = {isa = PBXBuildFile; fileRef = D2ADFC6A245999C3006017B0 /* Assets.xcassets */; };
		D243CE7A245A68B7004EC8A7 /* Main.storyboard in Resources */ = {isa = PBXBuildFile; fileRef = D2ADFC67245999BF006017B0 /* Main.storyboard */; };
		D2ADFC62245999BF006017B0 /* AppDelegate.swift in Sources */ = {isa = PBXBuildFile; fileRef = D2ADFC61245999BF006017B0 /* AppDelegate.swift */; };
		D2ADFC64245999BF006017B0 /* SceneDelegate.swift in Sources */ = {isa = PBXBuildFile; fileRef = D2ADFC63245999BF006017B0 /* SceneDelegate.swift */; };
		D2ADFC69245999BF006017B0 /* Main.storyboard in Resources */ = {isa = PBXBuildFile; fileRef = D2ADFC67245999BF006017B0 /* Main.storyboard */; };
		D2ADFC6B245999C3006017B0 /* Assets.xcassets in Resources */ = {isa = PBXBuildFile; fileRef = D2ADFC6A245999C3006017B0 /* Assets.xcassets */; };
		D2ADFC6E245999C3006017B0 /* LaunchScreen.storyboard in Resources */ = {isa = PBXBuildFile; fileRef = D2ADFC6C245999C3006017B0 /* LaunchScreen.storyboard */; };
		D2ADFC8724599AE8006017B0 /* FilmsTableViewController.swift in Sources */ = {isa = PBXBuildFile; fileRef = D2ADFC8624599AE8006017B0 /* FilmsTableViewController.swift */; };
		D2ADFC8A24599EC9006017B0 /* FilmsManager.swift in Sources */ = {isa = PBXBuildFile; fileRef = D2ADFC8924599EC9006017B0 /* FilmsManager.swift */; };
		D2ADFC8C2459B19A006017B0 /* Film.swift in Sources */ = {isa = PBXBuildFile; fileRef = D2ADFC8B2459B19A006017B0 /* Film.swift */; };
		D2ADFC8E245A0382006017B0 /* Films.swift in Sources */ = {isa = PBXBuildFile; fileRef = D2ADFC8D245A0382006017B0 /* Films.swift */; };
		D2ADFC95245A1BB1006017B0 /* DetailViewController.swift in Sources */ = {isa = PBXBuildFile; fileRef = D2ADFC94245A1BB1006017B0 /* DetailViewController.swift */; };
		D2ADFC97245A339A006017B0 /* VerticalAlignLabel.swift in Sources */ = {isa = PBXBuildFile; fileRef = D2ADFC96245A339A006017B0 /* VerticalAlignLabel.swift */; };
		D2ADFC99245A3A0C006017B0 /* NavigationController.swift in Sources */ = {isa = PBXBuildFile; fileRef = D2ADFC98245A3A0C006017B0 /* NavigationController.swift */; };
		D2ADFCA1245A4451006017B0 /* MoviesTests.swift in Sources */ = {isa = PBXBuildFile; fileRef = D2ADFCA0245A4451006017B0 /* MoviesTests.swift */; };
		D2DEC057245A756400BD2B7D /* Films.json in Resources */ = {isa = PBXBuildFile; fileRef = D243CE4A245A4EEB004EC8A7 /* Films.json */; };
/* End PBXBuildFile section */

/* Begin PBXContainerItemProxy section */
		D243CE63245A6299004EC8A7 /* PBXContainerItemProxy */ = {
			isa = PBXContainerItemProxy;
			containerPortal = D2ADFC56245999BF006017B0 /* Project object */;
			proxyType = 1;
			remoteGlobalIDString = D2ADFC5D245999BF006017B0;
			remoteInfo = movies;
		};
		D243CE72245A62F8004EC8A7 /* PBXContainerItemProxy */ = {
			isa = PBXContainerItemProxy;
			containerPortal = D2ADFC56245999BF006017B0 /* Project object */;
			proxyType = 1;
			remoteGlobalIDString = D2ADFC5D245999BF006017B0;
			remoteInfo = movies;
		};
		D2ADFCA3245A4451006017B0 /* PBXContainerItemProxy */ = {
			isa = PBXContainerItemProxy;
			containerPortal = D2ADFC56245999BF006017B0 /* Project object */;
			proxyType = 1;
			remoteGlobalIDString = D2ADFC5D245999BF006017B0;
			remoteInfo = movies;
		};
/* End PBXContainerItemProxy section */

/* Begin PBXFileReference section */
		5174DE3D240DBBB8F66EDCFD /* Pods-movies.release.xcconfig */ = {isa = PBXFileReference; includeInIndex = 1; lastKnownFileType = text.xcconfig; name = "Pods-movies.release.xcconfig"; path = "Target Support Files/Pods-movies/Pods-movies.release.xcconfig"; sourceTree = "<group>"; };
		5E3090E8FEFD848542EB1DEA /* Pods_movies.framework */ = {isa = PBXFileReference; explicitFileType = wrapper.framework; includeInIndex = 0; path = Pods_movies.framework; sourceTree = BUILT_PRODUCTS_DIR; };
		6D2A7FA1D3CDB80AF18D28CA /* Pods-moviesTests.debug.xcconfig */ = {isa = PBXFileReference; includeInIndex = 1; lastKnownFileType = text.xcconfig; name = "Pods-moviesTests.debug.xcconfig"; path = "Target Support Files/Pods-moviesTests/Pods-moviesTests.debug.xcconfig"; sourceTree = "<group>"; };
		86D7D9D2CF82882AD22F2A5F /* Pods-moviesTests.release.xcconfig */ = {isa = PBXFileReference; includeInIndex = 1; lastKnownFileType = text.xcconfig; name = "Pods-moviesTests.release.xcconfig"; path = "Target Support Files/Pods-moviesTests/Pods-moviesTests.release.xcconfig"; sourceTree = "<group>"; };
		B68D8F47A4235D967793A9A1 /* Pods-movies.debug.xcconfig */ = {isa = PBXFileReference; includeInIndex = 1; lastKnownFileType = text.xcconfig; name = "Pods-movies.debug.xcconfig"; path = "Target Support Files/Pods-movies/Pods-movies.debug.xcconfig"; sourceTree = "<group>"; };
		D243CE4A245A4EEB004EC8A7 /* Films.json */ = {isa = PBXFileReference; lastKnownFileType = text.json; path = Films.json; sourceTree = "<group>"; };
		D243CE5E245A6299004EC8A7 /* DecoderMoviesTests.xctest */ = {isa = PBXFileReference; explicitFileType = wrapper.cfbundle; includeInIndex = 0; path = DecoderMoviesTests.xctest; sourceTree = BUILT_PRODUCTS_DIR; };
		D243CE60245A6299004EC8A7 /* DecoderMoviesTests.swift */ = {isa = PBXFileReference; lastKnownFileType = sourcecode.swift; path = DecoderMoviesTests.swift; sourceTree = "<group>"; };
		D243CE62245A6299004EC8A7 /* Info.plist */ = {isa = PBXFileReference; lastKnownFileType = text.plist.xml; path = Info.plist; sourceTree = "<group>"; };
		D243CE6D245A62F8004EC8A7 /* DetailMoviesTests.xctest */ = {isa = PBXFileReference; explicitFileType = wrapper.cfbundle; includeInIndex = 0; path = DetailMoviesTests.xctest; sourceTree = BUILT_PRODUCTS_DIR; };
		D243CE6F245A62F8004EC8A7 /* DetailMoviesTests.swift */ = {isa = PBXFileReference; lastKnownFileType = sourcecode.swift; path = DetailMoviesTests.swift; sourceTree = "<group>"; };
		D243CE71245A62F8004EC8A7 /* Info.plist */ = {isa = PBXFileReference; lastKnownFileType = text.plist.xml; path = Info.plist; sourceTree = "<group>"; };
		D2ADFC5E245999BF006017B0 /* Movies.app */ = {isa = PBXFileReference; explicitFileType = wrapper.application; includeInIndex = 0; path = Movies.app; sourceTree = BUILT_PRODUCTS_DIR; };
		D2ADFC61245999BF006017B0 /* AppDelegate.swift */ = {isa = PBXFileReference; lastKnownFileType = sourcecode.swift; path = AppDelegate.swift; sourceTree = "<group>"; };
		D2ADFC63245999BF006017B0 /* SceneDelegate.swift */ = {isa = PBXFileReference; lastKnownFileType = sourcecode.swift; path = SceneDelegate.swift; sourceTree = "<group>"; };
		D2ADFC68245999BF006017B0 /* Base */ = {isa = PBXFileReference; lastKnownFileType = file.storyboard; name = Base; path = Base.lproj/Main.storyboard; sourceTree = "<group>"; };
		D2ADFC6A245999C3006017B0 /* Assets.xcassets */ = {isa = PBXFileReference; lastKnownFileType = folder.assetcatalog; path = Assets.xcassets; sourceTree = "<group>"; };
		D2ADFC6D245999C3006017B0 /* Base */ = {isa = PBXFileReference; lastKnownFileType = file.storyboard; name = Base; path = Base.lproj/LaunchScreen.storyboard; sourceTree = "<group>"; };
		D2ADFC6F245999C3006017B0 /* Info.plist */ = {isa = PBXFileReference; lastKnownFileType = text.plist.xml; path = Info.plist; sourceTree = "<group>"; };
		D2ADFC8624599AE8006017B0 /* FilmsTableViewController.swift */ = {isa = PBXFileReference; lastKnownFileType = sourcecode.swift; path = FilmsTableViewController.swift; sourceTree = "<group>"; };
		D2ADFC8924599EC9006017B0 /* FilmsManager.swift */ = {isa = PBXFileReference; lastKnownFileType = sourcecode.swift; path = FilmsManager.swift; sourceTree = "<group>"; };
		D2ADFC8B2459B19A006017B0 /* Film.swift */ = {isa = PBXFileReference; lastKnownFileType = sourcecode.swift; path = Film.swift; sourceTree = "<group>"; };
		D2ADFC8D245A0382006017B0 /* Films.swift */ = {isa = PBXFileReference; lastKnownFileType = sourcecode.swift; path = Films.swift; sourceTree = "<group>"; };
		D2ADFC94245A1BB1006017B0 /* DetailViewController.swift */ = {isa = PBXFileReference; lastKnownFileType = sourcecode.swift; path = DetailViewController.swift; sourceTree = "<group>"; };
		D2ADFC96245A339A006017B0 /* VerticalAlignLabel.swift */ = {isa = PBXFileReference; lastKnownFileType = sourcecode.swift; path = VerticalAlignLabel.swift; sourceTree = "<group>"; };
		D2ADFC98245A3A0C006017B0 /* NavigationController.swift */ = {isa = PBXFileReference; lastKnownFileType = sourcecode.swift; path = NavigationController.swift; sourceTree = "<group>"; };
		D2ADFC9E245A4451006017B0 /* MoviesTests.xctest */ = {isa = PBXFileReference; explicitFileType = wrapper.cfbundle; includeInIndex = 0; path = MoviesTests.xctest; sourceTree = BUILT_PRODUCTS_DIR; };
		D2ADFCA0245A4451006017B0 /* MoviesTests.swift */ = {isa = PBXFileReference; lastKnownFileType = sourcecode.swift; path = MoviesTests.swift; sourceTree = "<group>"; };
		D2ADFCA2245A4451006017B0 /* Info.plist */ = {isa = PBXFileReference; lastKnownFileType = text.plist.xml; path = Info.plist; sourceTree = "<group>"; };
		D2DEC06C245BC6CE00BD2B7D /* README.md */ = {isa = PBXFileReference; lastKnownFileType = net.daringfireball.markdown; path = README.md; sourceTree = "<group>"; };
		EEDD9C216A2A11E18614DFC4 /* Pods_moviesTests.framework */ = {isa = PBXFileReference; explicitFileType = wrapper.framework; includeInIndex = 0; path = Pods_moviesTests.framework; sourceTree = BUILT_PRODUCTS_DIR; };
/* End PBXFileReference section */

/* Begin PBXFrameworksBuildPhase section */
		D243CE5B245A6299004EC8A7 /* Frameworks */ = {
			isa = PBXFrameworksBuildPhase;
			buildActionMask = 2147483647;
			files = (
			);
			runOnlyForDeploymentPostprocessing = 0;
		};
		D243CE6A245A62F8004EC8A7 /* Frameworks */ = {
			isa = PBXFrameworksBuildPhase;
			buildActionMask = 2147483647;
			files = (
			);
			runOnlyForDeploymentPostprocessing = 0;
		};
		D2ADFC5B245999BF006017B0 /* Frameworks */ = {
			isa = PBXFrameworksBuildPhase;
			buildActionMask = 2147483647;
			files = (
				1A666758CAD093FEB8871227 /* Pods_movies.framework in Frameworks */,
			);
			runOnlyForDeploymentPostprocessing = 0;
		};
		D2ADFC9B245A4451006017B0 /* Frameworks */ = {
			isa = PBXFrameworksBuildPhase;
			buildActionMask = 2147483647;
			files = (
			);
			runOnlyForDeploymentPostprocessing = 0;
		};
/* End PBXFrameworksBuildPhase section */

/* Begin PBXGroup section */
		304A4E17E118CEFEC6729443 /* Frameworks */ = {
			isa = PBXGroup;
			children = (
				5E3090E8FEFD848542EB1DEA /* Pods_movies.framework */,
				EEDD9C216A2A11E18614DFC4 /* Pods_moviesTests.framework */,
			);
			name = Frameworks;
			sourceTree = "<group>";
		};
		6E3E42511521867E6D6A7FC2 /* Pods */ = {
			isa = PBXGroup;
			children = (
				B68D8F47A4235D967793A9A1 /* Pods-movies.debug.xcconfig */,
				5174DE3D240DBBB8F66EDCFD /* Pods-movies.release.xcconfig */,
				6D2A7FA1D3CDB80AF18D28CA /* Pods-moviesTests.debug.xcconfig */,
				86D7D9D2CF82882AD22F2A5F /* Pods-moviesTests.release.xcconfig */,
			);
			path = Pods;
			sourceTree = "<group>";
		};
		D243CE5F245A6299004EC8A7 /* DecoderMoviesTests */ = {
			isa = PBXGroup;
			children = (
				D243CE60245A6299004EC8A7 /* DecoderMoviesTests.swift */,
				D243CE62245A6299004EC8A7 /* Info.plist */,
			);
			path = DecoderMoviesTests;
			sourceTree = "<group>";
		};
		D243CE6E245A62F8004EC8A7 /* DetailMoviesTests */ = {
			isa = PBXGroup;
			children = (
				D243CE6F245A62F8004EC8A7 /* DetailMoviesTests.swift */,
				D243CE71245A62F8004EC8A7 /* Info.plist */,
			);
			path = DetailMoviesTests;
			sourceTree = "<group>";
		};
		D2ADFC55245999BF006017B0 = {
			isa = PBXGroup;
			children = (
				D2DEC06C245BC6CE00BD2B7D /* README.md */,
				D2ADFC60245999BF006017B0 /* movies */,
				D2ADFC9F245A4451006017B0 /* MoviesTests */,
				D243CE5F245A6299004EC8A7 /* DecoderMoviesTests */,
				D243CE6E245A62F8004EC8A7 /* DetailMoviesTests */,
				D2ADFC5F245999BF006017B0 /* Products */,
				6E3E42511521867E6D6A7FC2 /* Pods */,
				304A4E17E118CEFEC6729443 /* Frameworks */,
			);
			sourceTree = "<group>";
		};
		D2ADFC5F245999BF006017B0 /* Products */ = {
			isa = PBXGroup;
			children = (
				D2ADFC5E245999BF006017B0 /* Movies.app */,
				D2ADFC9E245A4451006017B0 /* MoviesTests.xctest */,
				D243CE5E245A6299004EC8A7 /* DecoderMoviesTests.xctest */,
				D243CE6D245A62F8004EC8A7 /* DetailMoviesTests.xctest */,
			);
			name = Products;
			sourceTree = "<group>";
		};
		D2ADFC60245999BF006017B0 /* movies */ = {
			isa = PBXGroup;
			children = (
				D2ADFC8824599E99006017B0 /* Model */,
				D2ADFC8524599A30006017B0 /* View */,
				D2ADFC8424599A21006017B0 /* Controller */,
				D2ADFC8324599A0E006017B0 /* Resources */,
			);
			path = movies;
			sourceTree = "<group>";
		};
		D2ADFC8324599A0E006017B0 /* Resources */ = {
			isa = PBXGroup;
			children = (
				D2ADFC61245999BF006017B0 /* AppDelegate.swift */,
				D2ADFC63245999BF006017B0 /* SceneDelegate.swift */,
				D2ADFC6A245999C3006017B0 /* Assets.xcassets */,
				D2ADFC6C245999C3006017B0 /* LaunchScreen.storyboard */,
				D2ADFC6F245999C3006017B0 /* Info.plist */,
			);
			path = Resources;
			sourceTree = "<group>";
		};
		D2ADFC8424599A21006017B0 /* Controller */ = {
			isa = PBXGroup;
			children = (
				D2ADFC8624599AE8006017B0 /* FilmsTableViewController.swift */,
				D2ADFC94245A1BB1006017B0 /* DetailViewController.swift */,
				D2ADFC98245A3A0C006017B0 /* NavigationController.swift */,
			);
			path = Controller;
			sourceTree = "<group>";
		};
		D2ADFC8524599A30006017B0 /* View */ = {
			isa = PBXGroup;
			children = (
				D2ADFC67245999BF006017B0 /* Main.storyboard */,
			);
			path = View;
			sourceTree = "<group>";
		};
		D2ADFC8824599E99006017B0 /* Model */ = {
			isa = PBXGroup;
			children = (
				D2ADFC8924599EC9006017B0 /* FilmsManager.swift */,
				D2ADFC8B2459B19A006017B0 /* Film.swift */,
				D2ADFC8D245A0382006017B0 /* Films.swift */,
				D2ADFC96245A339A006017B0 /* VerticalAlignLabel.swift */,
			);
			path = Model;
			sourceTree = "<group>";
		};
		D2ADFC9F245A4451006017B0 /* MoviesTests */ = {
			isa = PBXGroup;
			children = (
				D243CE4A245A4EEB004EC8A7 /* Films.json */,
				D2ADFCA0245A4451006017B0 /* MoviesTests.swift */,
				D2ADFCA2245A4451006017B0 /* Info.plist */,
			);
			path = MoviesTests;
			sourceTree = "<group>";
		};
/* End PBXGroup section */

/* Begin PBXNativeTarget section */
		D243CE5D245A6299004EC8A7 /* DecoderMoviesTests */ = {
			isa = PBXNativeTarget;
			buildConfigurationList = D243CE65245A6299004EC8A7 /* Build configuration list for PBXNativeTarget "DecoderMoviesTests" */;
			buildPhases = (
				D243CE5A245A6299004EC8A7 /* Sources */,
				D243CE5B245A6299004EC8A7 /* Frameworks */,
				D243CE5C245A6299004EC8A7 /* Resources */,
			);
			buildRules = (
			);
			dependencies = (
				D243CE64245A6299004EC8A7 /* PBXTargetDependency */,
			);
			name = DecoderMoviesTests;
			productName = DecoderMoviesTests;
			productReference = D243CE5E245A6299004EC8A7 /* DecoderMoviesTests.xctest */;
			productType = "com.apple.product-type.bundle.unit-test";
		};
		D243CE6C245A62F8004EC8A7 /* DetailMoviesTests */ = {
			isa = PBXNativeTarget;
			buildConfigurationList = D243CE74245A62F8004EC8A7 /* Build configuration list for PBXNativeTarget "DetailMoviesTests" */;
			buildPhases = (
				D243CE69245A62F8004EC8A7 /* Sources */,
				D243CE6A245A62F8004EC8A7 /* Frameworks */,
				D243CE6B245A62F8004EC8A7 /* Resources */,
			);
			buildRules = (
			);
			dependencies = (
				D243CE73245A62F8004EC8A7 /* PBXTargetDependency */,
			);
			name = DetailMoviesTests;
			productName = DetailMoviesTests;
			productReference = D243CE6D245A62F8004EC8A7 /* DetailMoviesTests.xctest */;
			productType = "com.apple.product-type.bundle.unit-test";
		};
		D2ADFC5D245999BF006017B0 /* movies */ = {
			isa = PBXNativeTarget;
			buildConfigurationList = D2ADFC7D245999C3006017B0 /* Build configuration list for PBXNativeTarget "movies" */;
			buildPhases = (
				8D4DBDFC8C16F43267B6B15E /* [CP] Check Pods Manifest.lock */,
				D2ADFC5A245999BF006017B0 /* Sources */,
				D2ADFC5B245999BF006017B0 /* Frameworks */,
				D2ADFC5C245999BF006017B0 /* Resources */,
				0CF5ABA4CCB8E174A712A063 /* [CP] Embed Pods Frameworks */,
			);
			buildRules = (
			);
			dependencies = (
			);
			name = movies;
			productName = movies;
			productReference = D2ADFC5E245999BF006017B0 /* Movies.app */;
			productType = "com.apple.product-type.application";
		};
		D2ADFC9D245A4451006017B0 /* MoviesTests */ = {
			isa = PBXNativeTarget;
			buildConfigurationList = D2ADFCA5245A4451006017B0 /* Build configuration list for PBXNativeTarget "MoviesTests" */;
			buildPhases = (
				D2ADFC9A245A4451006017B0 /* Sources */,
				D2ADFC9B245A4451006017B0 /* Frameworks */,
				D2ADFC9C245A4451006017B0 /* Resources */,
			);
			buildRules = (
			);
			dependencies = (
				D2ADFCA4245A4451006017B0 /* PBXTargetDependency */,
			);
			name = MoviesTests;
			productName = MoviesTests;
			productReference = D2ADFC9E245A4451006017B0 /* MoviesTests.xctest */;
			productType = "com.apple.product-type.bundle.unit-test";
		};
/* End PBXNativeTarget section */

/* Begin PBXProject section */
		D2ADFC56245999BF006017B0 /* Project object */ = {
			isa = PBXProject;
			attributes = {
				LastSwiftUpdateCheck = 1140;
				LastUpgradeCheck = 1140;
				ORGANIZATIONNAME = "Gerardo Hernández González";
				TargetAttributes = {
					D243CE5D245A6299004EC8A7 = {
						CreatedOnToolsVersion = 11.4.1;
						TestTargetID = D2ADFC5D245999BF006017B0;
					};
					D243CE6C245A62F8004EC8A7 = {
						CreatedOnToolsVersion = 11.4.1;
						TestTargetID = D2ADFC5D245999BF006017B0;
					};
					D2ADFC5D245999BF006017B0 = {
						CreatedOnToolsVersion = 11.4.1;
					};
					D2ADFC9D245A4451006017B0 = {
						CreatedOnToolsVersion = 11.4.1;
						TestTargetID = D2ADFC5D245999BF006017B0;
					};
				};
			};
			buildConfigurationList = D2ADFC59245999BF006017B0 /* Build configuration list for PBXProject "movies" */;
			compatibilityVersion = "Xcode 9.3";
			developmentRegion = en;
			hasScannedForEncodings = 0;
			knownRegions = (
				en,
				Base,
			);
			mainGroup = D2ADFC55245999BF006017B0;
			productRefGroup = D2ADFC5F245999BF006017B0 /* Products */;
			projectDirPath = "";
			projectRoot = "";
			targets = (
				D2ADFC5D245999BF006017B0 /* movies */,
				D2ADFC9D245A4451006017B0 /* MoviesTests */,
				D243CE5D245A6299004EC8A7 /* DecoderMoviesTests */,
				D243CE6C245A62F8004EC8A7 /* DetailMoviesTests */,
			);
		};
/* End PBXProject section */

/* Begin PBXResourcesBuildPhase section */
		D243CE5C245A6299004EC8A7 /* Resources */ = {
			isa = PBXResourcesBuildPhase;
			buildActionMask = 2147483647;
			files = (
				D243CE78245A6421004EC8A7 /* Assets.xcassets in Resources */,
				D243CE68245A62D6004EC8A7 /* Films.json in Resources */,
			);
			runOnlyForDeploymentPostprocessing = 0;
		};
		D243CE6B245A62F8004EC8A7 /* Resources */ = {
			isa = PBXResourcesBuildPhase;
			buildActionMask = 2147483647;
			files = (
				D243CE79245A6422004EC8A7 /* Assets.xcassets in Resources */,
				D243CE7A245A68B7004EC8A7 /* Main.storyboard in Resources */,
				D2DEC057245A756400BD2B7D /* Films.json in Resources */,
			);
			runOnlyForDeploymentPostprocessing = 0;
		};
		D2ADFC5C245999BF006017B0 /* Resources */ = {
			isa = PBXResourcesBuildPhase;
			buildActionMask = 2147483647;
			files = (
				D2ADFC6E245999C3006017B0 /* LaunchScreen.storyboard in Resources */,
				D2ADFC6B245999C3006017B0 /* Assets.xcassets in Resources */,
				D2ADFC69245999BF006017B0 /* Main.storyboard in Resources */,
			);
			runOnlyForDeploymentPostprocessing = 0;
		};
		D2ADFC9C245A4451006017B0 /* Resources */ = {
			isa = PBXResourcesBuildPhase;
			buildActionMask = 2147483647;
			files = (
				D243CE77245A6421004EC8A7 /* Assets.xcassets in Resources */,
				D243CE4B245A4EEB004EC8A7 /* Films.json in Resources */,
			);
			runOnlyForDeploymentPostprocessing = 0;
		};
/* End PBXResourcesBuildPhase section */

/* Begin PBXShellScriptBuildPhase section */
		0CF5ABA4CCB8E174A712A063 /* [CP] Embed Pods Frameworks */ = {
			isa = PBXShellScriptBuildPhase;
			buildActionMask = 2147483647;
			files = (
			);
			inputFileListPaths = (
				"${PODS_ROOT}/Target Support Files/Pods-movies/Pods-movies-frameworks-${CONFIGURATION}-input-files.xcfilelist",
			);
			name = "[CP] Embed Pods Frameworks";
			outputFileListPaths = (
				"${PODS_ROOT}/Target Support Files/Pods-movies/Pods-movies-frameworks-${CONFIGURATION}-output-files.xcfilelist",
			);
			runOnlyForDeploymentPostprocessing = 0;
			shellPath = /bin/sh;
			shellScript = "\"${PODS_ROOT}/Target Support Files/Pods-movies/Pods-movies-frameworks.sh\"\n";
			showEnvVarsInLog = 0;
		};
		8D4DBDFC8C16F43267B6B15E /* [CP] Check Pods Manifest.lock */ = {
			isa = PBXShellScriptBuildPhase;
			buildActionMask = 2147483647;
			files = (
			);
			inputFileListPaths = (
			);
			inputPaths = (
				"${PODS_PODFILE_DIR_PATH}/Podfile.lock",
				"${PODS_ROOT}/Manifest.lock",
			);
			name = "[CP] Check Pods Manifest.lock";
			outputFileListPaths = (
			);
			outputPaths = (
				"$(DERIVED_FILE_DIR)/Pods-movies-checkManifestLockResult.txt",
			);
			runOnlyForDeploymentPostprocessing = 0;
			shellPath = /bin/sh;
			shellScript = "diff \"${PODS_PODFILE_DIR_PATH}/Podfile.lock\" \"${PODS_ROOT}/Manifest.lock\" > /dev/null\nif [ $? != 0 ] ; then\n    # print error to STDERR\n    echo \"error: The sandbox is not in sync with the Podfile.lock. Run 'pod install' or update your CocoaPods installation.\" >&2\n    exit 1\nfi\n# This output is used by Xcode 'outputs' to avoid re-running this script phase.\necho \"SUCCESS\" > \"${SCRIPT_OUTPUT_FILE_0}\"\n";
			showEnvVarsInLog = 0;
		};
/* End PBXShellScriptBuildPhase section */

/* Begin PBXSourcesBuildPhase section */
		D243CE5A245A6299004EC8A7 /* Sources */ = {
			isa = PBXSourcesBuildPhase;
			buildActionMask = 2147483647;
			files = (
				D243CE61245A6299004EC8A7 /* DecoderMoviesTests.swift in Sources */,
			);
			runOnlyForDeploymentPostprocessing = 0;
		};
		D243CE69245A62F8004EC8A7 /* Sources */ = {
			isa = PBXSourcesBuildPhase;
			buildActionMask = 2147483647;
			files = (
				D243CE70245A62F8004EC8A7 /* DetailMoviesTests.swift in Sources */,
			);
			runOnlyForDeploymentPostprocessing = 0;
		};
		D2ADFC5A245999BF006017B0 /* Sources */ = {
			isa = PBXSourcesBuildPhase;
			buildActionMask = 2147483647;
			files = (
				D2ADFC8C2459B19A006017B0 /* Film.swift in Sources */,
				D2ADFC8E245A0382006017B0 /* Films.swift in Sources */,
				D2ADFC8A24599EC9006017B0 /* FilmsManager.swift in Sources */,
				D2ADFC97245A339A006017B0 /* VerticalAlignLabel.swift in Sources */,
				D2ADFC99245A3A0C006017B0 /* NavigationController.swift in Sources */,
				D2ADFC62245999BF006017B0 /* AppDelegate.swift in Sources */,
				D2ADFC8724599AE8006017B0 /* FilmsTableViewController.swift in Sources */,
				D2ADFC64245999BF006017B0 /* SceneDelegate.swift in Sources */,
				D2ADFC95245A1BB1006017B0 /* DetailViewController.swift in Sources */,
			);
			runOnlyForDeploymentPostprocessing = 0;
		};
		D2ADFC9A245A4451006017B0 /* Sources */ = {
			isa = PBXSourcesBuildPhase;
			buildActionMask = 2147483647;
			files = (
				D2ADFCA1245A4451006017B0 /* MoviesTests.swift in Sources */,
			);
			runOnlyForDeploymentPostprocessing = 0;
		};
/* End PBXSourcesBuildPhase section */

/* Begin PBXTargetDependency section */
		D243CE64245A6299004EC8A7 /* PBXTargetDependency */ = {
			isa = PBXTargetDependency;
			target = D2ADFC5D245999BF006017B0 /* movies */;
			targetProxy = D243CE63245A6299004EC8A7 /* PBXContainerItemProxy */;
		};
		D243CE73245A62F8004EC8A7 /* PBXTargetDependency */ = {
			isa = PBXTargetDependency;
			target = D2ADFC5D245999BF006017B0 /* movies */;
			targetProxy = D243CE72245A62F8004EC8A7 /* PBXContainerItemProxy */;
		};
		D2ADFCA4245A4451006017B0 /* PBXTargetDependency */ = {
			isa = PBXTargetDependency;
			target = D2ADFC5D245999BF006017B0 /* movies */;
			targetProxy = D2ADFCA3245A4451006017B0 /* PBXContainerItemProxy */;
		};
/* End PBXTargetDependency section */

/* Begin PBXVariantGroup section */
		D2ADFC67245999BF006017B0 /* Main.storyboard */ = {
			isa = PBXVariantGroup;
			children = (
				D2ADFC68245999BF006017B0 /* Base */,
			);
			name = Main.storyboard;
			sourceTree = "<group>";
		};
		D2ADFC6C245999C3006017B0 /* LaunchScreen.storyboard */ = {
			isa = PBXVariantGroup;
			children = (
				D2ADFC6D245999C3006017B0 /* Base */,
			);
			name = LaunchScreen.storyboard;
			sourceTree = "<group>";
		};
/* End PBXVariantGroup section */

/* Begin XCBuildConfiguration section */
		D243CE66245A6299004EC8A7 /* Debug */ = {
			isa = XCBuildConfiguration;
			buildSettings = {
				BUNDLE_LOADER = "$(TEST_HOST)";
				CODE_SIGN_STYLE = Automatic;
				DEVELOPMENT_TEAM = 6TE32LXZA4;
				INFOPLIST_FILE = DecoderMoviesTests/Info.plist;
				LD_RUNPATH_SEARCH_PATHS = (
					"$(inherited)",
					"@executable_path/Frameworks",
					"@loader_path/Frameworks",
				);
				PRODUCT_BUNDLE_IDENTIFIER = com.ghernagon.DecoderMoviesTests;
				PRODUCT_NAME = "$(TARGET_NAME)";
				SWIFT_VERSION = 5.0;
				TARGETED_DEVICE_FAMILY = "1,2";
				TEST_HOST = "$(BUILT_PRODUCTS_DIR)/Movies.app/Movies";
			};
			name = Debug;
		};
		D243CE67245A6299004EC8A7 /* Release */ = {
			isa = XCBuildConfiguration;
			buildSettings = {
				BUNDLE_LOADER = "$(TEST_HOST)";
				CODE_SIGN_STYLE = Automatic;
				DEVELOPMENT_TEAM = 6TE32LXZA4;
				INFOPLIST_FILE = DecoderMoviesTests/Info.plist;
				LD_RUNPATH_SEARCH_PATHS = (
					"$(inherited)",
					"@executable_path/Frameworks",
					"@loader_path/Frameworks",
				);
				PRODUCT_BUNDLE_IDENTIFIER = com.ghernagon.DecoderMoviesTests;
				PRODUCT_NAME = "$(TARGET_NAME)";
				SWIFT_VERSION = 5.0;
				TARGETED_DEVICE_FAMILY = "1,2";
				TEST_HOST = "$(BUILT_PRODUCTS_DIR)/Movies.app/Movies";
			};
			name = Release;
		};
		D243CE75245A62F8004EC8A7 /* Debug */ = {
			isa = XCBuildConfiguration;
			buildSettings = {
				BUNDLE_LOADER = "$(TEST_HOST)";
				CODE_SIGN_STYLE = Automatic;
				DEVELOPMENT_TEAM = 6TE32LXZA4;
				INFOPLIST_FILE = DetailMoviesTests/Info.plist;
				LD_RUNPATH_SEARCH_PATHS = (
					"$(inherited)",
					"@executable_path/Frameworks",
					"@loader_path/Frameworks",
				);
				PRODUCT_BUNDLE_IDENTIFIER = com.ghernagon.DetailMoviesTests;
				PRODUCT_NAME = "$(TARGET_NAME)";
				SWIFT_VERSION = 5.0;
				TARGETED_DEVICE_FAMILY = "1,2";
				TEST_HOST = "$(BUILT_PRODUCTS_DIR)/Movies.app/Movies";
			};
			name = Debug;
		};
		D243CE76245A62F8004EC8A7 /* Release */ = {
			isa = XCBuildConfiguration;
			buildSettings = {
				BUNDLE_LOADER = "$(TEST_HOST)";
				CODE_SIGN_STYLE = Automatic;
				DEVELOPMENT_TEAM = 6TE32LXZA4;
				INFOPLIST_FILE = DetailMoviesTests/Info.plist;
				LD_RUNPATH_SEARCH_PATHS = (
					"$(inherited)",
					"@executable_path/Frameworks",
					"@loader_path/Frameworks",
				);
				PRODUCT_BUNDLE_IDENTIFIER = com.ghernagon.DetailMoviesTests;
				PRODUCT_NAME = "$(TARGET_NAME)";
				SWIFT_VERSION = 5.0;
				TARGETED_DEVICE_FAMILY = "1,2";
				TEST_HOST = "$(BUILT_PRODUCTS_DIR)/Movies.app/Movies";
			};
			name = Release;
		};
		D2ADFC7B245999C3006017B0 /* Debug */ = {
			isa = XCBuildConfiguration;
			buildSettings = {
				ALWAYS_SEARCH_USER_PATHS = NO;
				CLANG_ANALYZER_NONNULL = YES;
				CLANG_ANALYZER_NUMBER_OBJECT_CONVERSION = YES_AGGRESSIVE;
				CLANG_CXX_LANGUAGE_STANDARD = "gnu++14";
				CLANG_CXX_LIBRARY = "libc++";
				CLANG_ENABLE_MODULES = YES;
				CLANG_ENABLE_OBJC_ARC = YES;
				CLANG_ENABLE_OBJC_WEAK = YES;
				CLANG_WARN_BLOCK_CAPTURE_AUTORELEASING = YES;
				CLANG_WARN_BOOL_CONVERSION = YES;
				CLANG_WARN_COMMA = YES;
				CLANG_WARN_CONSTANT_CONVERSION = YES;
				CLANG_WARN_DEPRECATED_OBJC_IMPLEMENTATIONS = YES;
				CLANG_WARN_DIRECT_OBJC_ISA_USAGE = YES_ERROR;
				CLANG_WARN_DOCUMENTATION_COMMENTS = YES;
				CLANG_WARN_EMPTY_BODY = YES;
				CLANG_WARN_ENUM_CONVERSION = YES;
				CLANG_WARN_INFINITE_RECURSION = YES;
				CLANG_WARN_INT_CONVERSION = YES;
				CLANG_WARN_NON_LITERAL_NULL_CONVERSION = YES;
				CLANG_WARN_OBJC_IMPLICIT_RETAIN_SELF = YES;
				CLANG_WARN_OBJC_LITERAL_CONVERSION = YES;
				CLANG_WARN_OBJC_ROOT_CLASS = YES_ERROR;
				CLANG_WARN_RANGE_LOOP_ANALYSIS = YES;
				CLANG_WARN_STRICT_PROTOTYPES = YES;
				CLANG_WARN_SUSPICIOUS_MOVE = YES;
				CLANG_WARN_UNGUARDED_AVAILABILITY = YES_AGGRESSIVE;
				CLANG_WARN_UNREACHABLE_CODE = YES;
				CLANG_WARN__DUPLICATE_METHOD_MATCH = YES;
				COPY_PHASE_STRIP = NO;
				DEBUG_INFORMATION_FORMAT = dwarf;
				ENABLE_STRICT_OBJC_MSGSEND = YES;
				ENABLE_TESTABILITY = YES;
				GCC_C_LANGUAGE_STANDARD = gnu11;
				GCC_DYNAMIC_NO_PIC = NO;
				GCC_NO_COMMON_BLOCKS = YES;
				GCC_OPTIMIZATION_LEVEL = 0;
				GCC_PREPROCESSOR_DEFINITIONS = (
					"DEBUG=1",
					"$(inherited)",
				);
				GCC_WARN_64_TO_32_BIT_CONVERSION = YES;
				GCC_WARN_ABOUT_RETURN_TYPE = YES_ERROR;
				GCC_WARN_UNDECLARED_SELECTOR = YES;
				GCC_WARN_UNINITIALIZED_AUTOS = YES_AGGRESSIVE;
				GCC_WARN_UNUSED_FUNCTION = YES;
				GCC_WARN_UNUSED_VARIABLE = YES;
				IPHONEOS_DEPLOYMENT_TARGET = 13.4;
				MTL_ENABLE_DEBUG_INFO = INCLUDE_SOURCE;
				MTL_FAST_MATH = YES;
				ONLY_ACTIVE_ARCH = YES;
				SDKROOT = iphoneos;
				SWIFT_ACTIVE_COMPILATION_CONDITIONS = DEBUG;
				SWIFT_OPTIMIZATION_LEVEL = "-Onone";
			};
			name = Debug;
		};
		D2ADFC7C245999C3006017B0 /* Release */ = {
			isa = XCBuildConfiguration;
			buildSettings = {
				ALWAYS_SEARCH_USER_PATHS = NO;
				CLANG_ANALYZER_NONNULL = YES;
				CLANG_ANALYZER_NUMBER_OBJECT_CONVERSION = YES_AGGRESSIVE;
				CLANG_CXX_LANGUAGE_STANDARD = "gnu++14";
				CLANG_CXX_LIBRARY = "libc++";
				CLANG_ENABLE_MODULES = YES;
				CLANG_ENABLE_OBJC_ARC = YES;
				CLANG_ENABLE_OBJC_WEAK = YES;
				CLANG_WARN_BLOCK_CAPTURE_AUTORELEASING = YES;
				CLANG_WARN_BOOL_CONVERSION = YES;
				CLANG_WARN_COMMA = YES;
				CLANG_WARN_CONSTANT_CONVERSION = YES;
				CLANG_WARN_DEPRECATED_OBJC_IMPLEMENTATIONS = YES;
				CLANG_WARN_DIRECT_OBJC_ISA_USAGE = YES_ERROR;
				CLANG_WARN_DOCUMENTATION_COMMENTS = YES;
				CLANG_WARN_EMPTY_BODY = YES;
				CLANG_WARN_ENUM_CONVERSION = YES;
				CLANG_WARN_INFINITE_RECURSION = YES;
				CLANG_WARN_INT_CONVERSION = YES;
				CLANG_WARN_NON_LITERAL_NULL_CONVERSION = YES;
				CLANG_WARN_OBJC_IMPLICIT_RETAIN_SELF = YES;
				CLANG_WARN_OBJC_LITERAL_CONVERSION = YES;
				CLANG_WARN_OBJC_ROOT_CLASS = YES_ERROR;
				CLANG_WARN_RANGE_LOOP_ANALYSIS = YES;
				CLANG_WARN_STRICT_PROTOTYPES = YES;
				CLANG_WARN_SUSPICIOUS_MOVE = YES;
				CLANG_WARN_UNGUARDED_AVAILABILITY = YES_AGGRESSIVE;
				CLANG_WARN_UNREACHABLE_CODE = YES;
				CLANG_WARN__DUPLICATE_METHOD_MATCH = YES;
				COPY_PHASE_STRIP = NO;
				DEBUG_INFORMATION_FORMAT = "dwarf-with-dsym";
				ENABLE_NS_ASSERTIONS = NO;
				ENABLE_STRICT_OBJC_MSGSEND = YES;
				GCC_C_LANGUAGE_STANDARD = gnu11;
				GCC_NO_COMMON_BLOCKS = YES;
				GCC_WARN_64_TO_32_BIT_CONVERSION = YES;
				GCC_WARN_ABOUT_RETURN_TYPE = YES_ERROR;
				GCC_WARN_UNDECLARED_SELECTOR = YES;
				GCC_WARN_UNINITIALIZED_AUTOS = YES_AGGRESSIVE;
				GCC_WARN_UNUSED_FUNCTION = YES;
				GCC_WARN_UNUSED_VARIABLE = YES;
				IPHONEOS_DEPLOYMENT_TARGET = 13.4;
				MTL_ENABLE_DEBUG_INFO = NO;
				MTL_FAST_MATH = YES;
				SDKROOT = iphoneos;
				SWIFT_COMPILATION_MODE = wholemodule;
				SWIFT_OPTIMIZATION_LEVEL = "-O";
				VALIDATE_PRODUCT = YES;
			};
			name = Release;
		};
		D2ADFC7E245999C3006017B0 /* Debug */ = {
			isa = XCBuildConfiguration;
			baseConfigurationReference = B68D8F47A4235D967793A9A1 /* Pods-movies.debug.xcconfig */;
			buildSettings = {
				ASSETCATALOG_COMPILER_APPICON_NAME = AppIcon;
				CODE_SIGN_STYLE = Automatic;
				DEVELOPMENT_TEAM = 6TE32LXZA4;
				INFOPLIST_FILE = movies/Resources/Info.plist;
				IPHONEOS_DEPLOYMENT_TARGET = 11.0;
				LD_RUNPATH_SEARCH_PATHS = (
					"$(inherited)",
					"@executable_path/Frameworks",
				);
				PRODUCT_BUNDLE_IDENTIFIER = com.ghernagon.movies;
				PRODUCT_NAME = Movies;
				SWIFT_VERSION = 5.0;
				TARGETED_DEVICE_FAMILY = 1;
			};
			name = Debug;
		};
		D2ADFC7F245999C3006017B0 /* Release */ = {
			isa = XCBuildConfiguration;
			baseConfigurationReference = 5174DE3D240DBBB8F66EDCFD /* Pods-movies.release.xcconfig */;
			buildSettings = {
				ASSETCATALOG_COMPILER_APPICON_NAME = AppIcon;
				CODE_SIGN_STYLE = Automatic;
				DEVELOPMENT_TEAM = 6TE32LXZA4;
				INFOPLIST_FILE = movies/Resources/Info.plist;
				IPHONEOS_DEPLOYMENT_TARGET = 11.0;
				LD_RUNPATH_SEARCH_PATHS = (
					"$(inherited)",
					"@executable_path/Frameworks",
				);
				PRODUCT_BUNDLE_IDENTIFIER = com.ghernagon.movies;
				PRODUCT_NAME = Movies;
				SWIFT_VERSION = 5.0;
				TARGETED_DEVICE_FAMILY = 1;
			};
			name = Release;
		};
		D2ADFCA6245A4451006017B0 /* Debug */ = {
			isa = XCBuildConfiguration;
			buildSettings = {
				BUNDLE_LOADER = "$(TEST_HOST)";
				CODE_SIGN_STYLE = Automatic;
				DEVELOPMENT_TEAM = 6TE32LXZA4;
				INFOPLIST_FILE = MoviesTests/Info.plist;
				LD_RUNPATH_SEARCH_PATHS = (
					"$(inherited)",
					"@executable_path/Frameworks",
					"@loader_path/Frameworks",
				);
				PRODUCT_BUNDLE_IDENTIFIER = com.ghernagon.MoviesTests;
				PRODUCT_NAME = "$(TARGET_NAME)";
				SWIFT_VERSION = 5.0;
				TARGETED_DEVICE_FAMILY = "1,2";
				TEST_HOST = "$(BUILT_PRODUCTS_DIR)/Movies.app/Movies";
			};
			name = Debug;
		};
		D2ADFCA7245A4451006017B0 /* Release */ = {
			isa = XCBuildConfiguration;
			buildSettings = {
				BUNDLE_LOADER = "$(TEST_HOST)";
				CODE_SIGN_STYLE = Automatic;
				DEVELOPMENT_TEAM = 6TE32LXZA4;
				INFOPLIST_FILE = MoviesTests/Info.plist;
				LD_RUNPATH_SEARCH_PATHS = (
					"$(inherited)",
					"@executable_path/Frameworks",
					"@loader_path/Frameworks",
				);
				PRODUCT_BUNDLE_IDENTIFIER = com.ghernagon.MoviesTests;
				PRODUCT_NAME = "$(TARGET_NAME)";
				SWIFT_VERSION = 5.0;
				TARGETED_DEVICE_FAMILY = "1,2";
				TEST_HOST = "$(BUILT_PRODUCTS_DIR)/Movies.app/Movies";
			};
			name = Release;
		};
/* End XCBuildConfiguration section */

/* Begin XCConfigurationList section */
		D243CE65245A6299004EC8A7 /* Build configuration list for PBXNativeTarget "DecoderMoviesTests" */ = {
			isa = XCConfigurationList;
			buildConfigurations = (
				D243CE66245A6299004EC8A7 /* Debug */,
				D243CE67245A6299004EC8A7 /* Release */,
			);
			defaultConfigurationIsVisible = 0;
			defaultConfigurationName = Release;
		};
		D243CE74245A62F8004EC8A7 /* Build configuration list for PBXNativeTarget "DetailMoviesTests" */ = {
			isa = XCConfigurationList;
			buildConfigurations = (
				D243CE75245A62F8004EC8A7 /* Debug */,
				D243CE76245A62F8004EC8A7 /* Release */,
			);
			defaultConfigurationIsVisible = 0;
			defaultConfigurationName = Release;
		};
		D2ADFC59245999BF006017B0 /* Build configuration list for PBXProject "movies" */ = {
			isa = XCConfigurationList;
			buildConfigurations = (
				D2ADFC7B245999C3006017B0 /* Debug */,
				D2ADFC7C245999C3006017B0 /* Release */,
			);
			defaultConfigurationIsVisible = 0;
			defaultConfigurationName = Release;
		};
		D2ADFC7D245999C3006017B0 /* Build configuration list for PBXNativeTarget "movies" */ = {
			isa = XCConfigurationList;
			buildConfigurations = (
				D2ADFC7E245999C3006017B0 /* Debug */,
				D2ADFC7F245999C3006017B0 /* Release */,
			);
			defaultConfigurationIsVisible = 0;
			defaultConfigurationName = Release;
		};
		D2ADFCA5245A4451006017B0 /* Build configuration list for PBXNativeTarget "MoviesTests" */ = {
			isa = XCConfigurationList;
			buildConfigurations = (
				D2ADFCA6245A4451006017B0 /* Debug */,
				D2ADFCA7245A4451006017B0 /* Release */,
			);
			defaultConfigurationIsVisible = 0;
			defaultConfigurationName = Release;
		};
/* End XCConfigurationList section */
	};
	rootObject = D2ADFC56245999BF006017B0 /* Project object */;
}
